
Microsoft Visual Studio Solution File, Format Version 12.00
# Visual Studio 15
VisualStudioVersion = 15.0.27703.1
MinimumVisualStudioVersion = 10.0.40219.1
Project("{FAE04EC0-301F-11D3-BF4B-00C04F79EFBC}") = "zarplata_windows_forms_3", "zarplata_windows_forms_3\zarplata_windows_forms_3.csproj", "{C2B2BD5C-DF3E-4861-ACA2-FFC45352BA40}"
EndProject
Global
	GlobalSection(SolutionConfigurationPlatforms) = preSolution
		Debug|Any CPU = Debug|Any CPU
		Release|Any CPU = Release|Any CPU
	EndGlobalSection
	GlobalSection(ProjectConfigurationPlatforms) = postSolution
		{C2B2BD5C-DF3E-4861-ACA2-FFC45352BA40}.Debug|Any CPU.ActiveCfg = Debug|Any CPU
		{C2B2BD5C-DF3E-4861-ACA2-FFC45352BA40}.Debug|Any CPU.Build.0 = Debug|Any CPU
		{C2B2BD5C-DF3E-4861-ACA2-FFC45352BA40}.Release|Any CPU.ActiveCfg = Release|Any CPU
		{C2B2BD5C-DF3E-4861-ACA2-FFC45352BA40}.Release|Any CPU.Build.0 = Release|Any CPU
	EndGlobalSection
	GlobalSection(SolutionProperties) = preSolution
		HideSolutionNode = FALSE
	EndGlobalSection
	GlobalSection(ExtensibilityGlobals) = postSolution
		SolutionGuid = {EE9CAF7C-7777-42F8-B919-1B9B621584DF}
	EndGlobalSection
EndGlobal
